
Microsoft Visual Studio Solution File, Format Version 12.00
# Visual Studio Version 17
VisualStudioVersion = 17.0.31903.59
MinimumVisualStudioVersion = 10.0.40219.1
Project("{2150E333-8FDC-42A3-9474-1A3956D46DE8}") = "src", "src", "{9E2C3B36-FDDC-4110-87A9-49508257F31E}"
EndProject
Project("{FAE04EC0-301F-11D3-BF4B-00C04F79EFBC}") = "AuctionService", "src\AuctionService\AuctionService.csproj", "{C25E512C-BB33-4262-B946-77D0447703E8}"
EndProject
Project("{FAE04EC0-301F-11D3-BF4B-00C04F79EFBC}") = "SearchService", "src\SearchService\SearchService.csproj", "{0A68DB02-D68D-4AFD-A72F-F746404842B1}"
EndProject
Project("{FAE04EC0-301F-11D3-BF4B-00C04F79EFBC}") = "Contracts", "src\Contracts\Contracts.csproj", "{5069054C-C9F2-471A-B679-C708A90AA0C0}"
EndProject
Project("{FAE04EC0-301F-11D3-BF4B-00C04F79EFBC}") = "IdentityService", "src\IdentityService\IdentityService.csproj", "{9A02D76F-DC66-4FA0-8993-259514546E46}"
EndProject
Project("{FAE04EC0-301F-11D3-BF4B-00C04F79EFBC}") = "GetwayService", "src\GetwayService\GetwayService.csproj", "{5AD0F5B2-BABE-4BCC-ADBE-D0AE01C5D737}"
EndProject
Global
	GlobalSection(SolutionConfigurationPlatforms) = preSolution
		Debug|Any CPU = Debug|Any CPU
		Release|Any CPU = Release|Any CPU
	EndGlobalSection
	GlobalSection(SolutionProperties) = preSolution
		HideSolutionNode = FALSE
	EndGlobalSection
	GlobalSection(ProjectConfigurationPlatforms) = postSolution
		{C25E512C-BB33-4262-B946-77D0447703E8}.Debug|Any CPU.ActiveCfg = Debug|Any CPU
		{C25E512C-BB33-4262-B946-77D0447703E8}.Debug|Any CPU.Build.0 = Debug|Any CPU
		{C25E512C-BB33-4262-B946-77D0447703E8}.Release|Any CPU.ActiveCfg = Release|Any CPU
		{C25E512C-BB33-4262-B946-77D0447703E8}.Release|Any CPU.Build.0 = Release|Any CPU
		{0A68DB02-D68D-4AFD-A72F-F746404842B1}.Debug|Any CPU.ActiveCfg = Debug|Any CPU
		{0A68DB02-D68D-4AFD-A72F-F746404842B1}.Debug|Any CPU.Build.0 = Debug|Any CPU
		{0A68DB02-D68D-4AFD-A72F-F746404842B1}.Release|Any CPU.ActiveCfg = Release|Any CPU
		{0A68DB02-D68D-4AFD-A72F-F746404842B1}.Release|Any CPU.Build.0 = Release|Any CPU
		{5069054C-C9F2-471A-B679-C708A90AA0C0}.Debug|Any CPU.ActiveCfg = Debug|Any CPU
		{5069054C-C9F2-471A-B679-C708A90AA0C0}.Debug|Any CPU.Build.0 = Debug|Any CPU
		{5069054C-C9F2-471A-B679-C708A90AA0C0}.Release|Any CPU.ActiveCfg = Release|Any CPU
		{5069054C-C9F2-471A-B679-C708A90AA0C0}.Release|Any CPU.Build.0 = Release|Any CPU
		{9A02D76F-DC66-4FA0-8993-259514546E46}.Debug|Any CPU.ActiveCfg = Debug|Any CPU
		{9A02D76F-DC66-4FA0-8993-259514546E46}.Debug|Any CPU.Build.0 = Debug|Any CPU
		{9A02D76F-DC66-4FA0-8993-259514546E46}.Release|Any CPU.ActiveCfg = Release|Any CPU
		{9A02D76F-DC66-4FA0-8993-259514546E46}.Release|Any CPU.Build.0 = Release|Any CPU
		{5AD0F5B2-BABE-4BCC-ADBE-D0AE01C5D737}.Debug|Any CPU.ActiveCfg = Debug|Any CPU
		{5AD0F5B2-BABE-4BCC-ADBE-D0AE01C5D737}.Debug|Any CPU.Build.0 = Debug|Any CPU
		{5AD0F5B2-BABE-4BCC-ADBE-D0AE01C5D737}.Release|Any CPU.ActiveCfg = Release|Any CPU
		{5AD0F5B2-BABE-4BCC-ADBE-D0AE01C5D737}.Release|Any CPU.Build.0 = Release|Any CPU
	EndGlobalSection
	GlobalSection(NestedProjects) = preSolution
		{C25E512C-BB33-4262-B946-77D0447703E8} = {9E2C3B36-FDDC-4110-87A9-49508257F31E}
		{0A68DB02-D68D-4AFD-A72F-F746404842B1} = {9E2C3B36-FDDC-4110-87A9-49508257F31E}
		{5069054C-C9F2-471A-B679-C708A90AA0C0} = {9E2C3B36-FDDC-4110-87A9-49508257F31E}
		{9A02D76F-DC66-4FA0-8993-259514546E46} = {9E2C3B36-FDDC-4110-87A9-49508257F31E}
		{5AD0F5B2-BABE-4BCC-ADBE-D0AE01C5D737} = {9E2C3B36-FDDC-4110-87A9-49508257F31E}
	EndGlobalSection
EndGlobal
